{
    "_readme": [
        "This file locks the dependencies of your project to a known state",
        "Read more about it at https://getcomposer.org/doc/01-basic-usage.md#composer-lock-the-lock-file",
        "This file is @generated automatically"
    ],
    "hash": "1d16e82baeb26ff089cb91fa7f0b46f8",
    "content-hash": "fd2ccf17ca033ac7895081e7d91e776e",
    "packages": [
        {
            "name": "q-phalcon/kernel",
            "version": "v0.0.2",
            "source": {
                "type": "git",
                "url": "https://github.com/q-phalcon/kernel.git",
                "reference": "6addbbb840097d66c764509f8b8216669a7adb85"
            },
            "dist": {
                "type": "zip",
                "url": "https://packagist.phpcomposer.com/files/q-phalcon/kernel/6addbbb840097d66c764509f8b8216669a7adb85.zip",
                "reference": "6addbbb840097d66c764509f8b8216669a7adb85",
                "shasum": ""
            },
            "require": {
                "php": ">=5.6.0"
            },
            "type": "library",
            "autoload": {
                "psr-4": {
                    "Qp\\Kernel\\": ""
                }
            },
            "notification-url": "https://packagist.org/downloads/",
            "license": [
                "MIT"
            ],
            "authors": [
                {
                    "name": "Qvil Young",
                    "email": "qvil_young@163.com",
                    "homepage": "https://github.com/Qvil-Young",
                    "role": "Developer"
                }
            ],
            "description": "The QPhalcon framework's kernel code",
            "homepage": "https://github.com/q-phalcon/kernel",
            "keywords": [
                "QP Framework",
                "QPhalcon",
                "php framework",
                "q-phalcon"
            ],
            "time": "2016-07-21 09:48:14"
        },
        {
            "name": "yunhack/php-validator",
            "version": "v0.0.1",
            "source": {
                "type": "git",
                "url": "https://github.com/yunhack/php-validator.git",
                "reference": "8f8445b9c951f70d53468c1cfff0eb73c0b33226"
            },
            "dist": {
                "type": "zip",
                "url": "https://packagist.phpcomposer.com/files/yunhack/php-validator/8f8445b9c951f70d53468c1cfff0eb73c0b33226.zip",
                "reference": "8f8445b9c951f70d53468c1cfff0eb73c0b33226",
                "shasum": ""
            },
            "require": {
                "php": ">=5.6.0"
            },
            "type": "library",
            "autoload": {
                "psr-4": {
                    "Yunhack\\PHPValidator\\": ""
                }
            },
            "notification-url": "https://packagist.org/downloads/",
            "license": [
                "MIT"
            ],
            "authors": [
                {
                    "name": "Qvil Young",
                    "email": "qvil_young@163.com",
                    "homepage": "https://github.com/Qvil-Young",
                    "role": "Developer"
                }
            ],
            "description": "It is a validator that check parameter in php.lightweight,simple,powerful...It is important that you can convert type of variable after check parameter",
            "homepage": "https://github.com/yunhack/php-validator",
            "keywords": [
                "check parameter",
                "convert type",
                "php",
                "validator"
            ],
            "time": "2016-07-29 06:08:36"
        }
    ],
    "packages-dev": [],
    "aliases": [],
    "minimum-stability": "stable",
    "stability-flags": [],
    "prefer-stable": false,
    "prefer-lowest": false,
    "platform": [],
    "platform-dev": []
}
