{
    "_readme": [
        "This file locks the dependencies of your project to a known state",
        "Read more about it at https://getcomposer.org/doc/01-basic-usage.md#composer-lock-the-lock-file",
        "This file is @generated automatically"
    ],
    "hash": "4393e572448acb2b6ceb08897080e0a3",
    "content-hash": "29c55c15b3ce4521b61e687e36b2857d",
    "packages": [
        {
            "name": "q-phalcon/kernel",
            "version": "v0.1.1",
            "source": {
                "type": "git",
                "url": "https://github.com/q-phalcon/kernel.git",
                "reference": "6580d66ec0e15462e554ee31409e9fc4fc9ad597"
            },
            "dist": {
                "type": "zip",
                "url": "https://api.github.com/repos/q-phalcon/kernel/zipball/6580d66ec0e15462e554ee31409e9fc4fc9ad597",
                "reference": "6580d66ec0e15462e554ee31409e9fc4fc9ad597",
                "shasum": ""
            },
            "require": {
                "php": ">=7.0"
            },
            "type": "library",
            "autoload": {
                "psr-4": {
                    "Qp\\Kernel\\": ""
                }
            },
            "notification-url": "https://packagist.org/downloads/",
            "license": [
                "MIT"
            ],
            "authors": [
                {
                    "name": "Qvil Young",
                    "email": "339799232@qq.com",
                    "homepage": "https://github.com/Qvil-Young",
                    "role": "Developer"
                }
            ],
            "description": "The QPhalcon framework's kernel code",
            "homepage": "https://github.com/q-phalcon/kernel",
            "keywords": [
                "QPhalcon",
                "phalcon",
                "php framework",
                "q-phalcon kernel"
            ],
            "time": "2016-09-01 09:55:36"
        },
        {
            "name": "yunhack/php-validator",
            "version": "v0.0.1",
            "source": {
                "type": "git",
                "url": "https://github.com/yunhack/php-validator.git",
                "reference": "5d49de21a02f21fed9b4c1b43c80d321e2023ca0"
            },
            "dist": {
                "type": "zip",
                "url": "https://api.github.com/repos/yunhack/php-validator/zipball/5d49de21a02f21fed9b4c1b43c80d321e2023ca0",
                "reference": "5d49de21a02f21fed9b4c1b43c80d321e2023ca0",
                "shasum": ""
            },
            "require": {
                "php": ">=5.6.0"
            },
            "type": "library",
            "autoload": {
                "psr-4": {
                    "Yunhack\\PHPValidator\\": ""
                }
            },
            "notification-url": "https://packagist.org/downloads/",
            "license": [
                "MIT"
            ],
            "authors": [
                {
                    "name": "Qvil Young",
                    "email": "qvil_young@163.com",
                    "homepage": "https://github.com/Qvil-Young",
                    "role": "Developer"
                }
            ],
            "description": "It is a validator that check parameter in php.lightweight,simple,powerful...It is important that you can convert type of variable after check parameter",
            "homepage": "https://github.com/yunhack/php-validator",
            "keywords": [
                "check parameter",
                "convert type",
                "php",
                "validator"
            ],
            "time": "2016-08-10 05:01:24"
        }
    ],
    "packages-dev": [],
    "aliases": [],
    "minimum-stability": "stable",
    "stability-flags": [],
    "prefer-stable": false,
    "prefer-lowest": false,
    "platform": [],
    "platform-dev": []
}
